<?xml version="1.0" encoding="utf-8"?>
<Project ToolsVersion="4.0" xmlns="http://schemas.microsoft.com/developer/msbuild/2003">
  <ItemGroup>
    <Filter Include="ソース ファイル">
      <UniqueIdentifier>{4FC737F1-C7A5-4376-A066-2A32D752A2FF}</UniqueIdentifier>
      <Extensions>cpp;c;cc;cxx;c++;cppm;ixx;def;odl;idl;hpj;bat;asm;asmx</Extensions>
    </Filter>
    <Filter Include="ヘッダー ファイル">
      <UniqueIdentifier>{93995380-89BD-4b04-88EB-625FBE52EBFB}</UniqueIdentifier>
      <Extensions>h;hh;hpp;hxx;h++;hm;inl;inc;ipp;xsd</Extensions>
    </Filter>
    <Filter Include="リソース ファイル">
      <UniqueIdentifier>{67DA6AB6-F800-4c08-8B7A-83BB121AAD01}</UniqueIdentifier>
      <Extensions>rc;ico;cur;bmp;dlg;rc2;rct;bin;rgs;gif;jpg;jpeg;jpe;resx;tiff;tif;png;wav;mfcribbon-ms</Extensions>
    </Filter>
    <Filter Include="ソース ファイル\DirectX">
      <UniqueIdentifier>{ad80b291-c0c6-4c88-9585-aa4438c02b25}</UniqueIdentifier>
    </Filter>
    <Filter Include="ソース ファイル\System">
      <UniqueIdentifier>{2a040d04-7a46-414c-93ea-5ed6d4ae0133}</UniqueIdentifier>
    </Filter>
    <Filter Include="ヘッダー ファイル\DirectX">
      <UniqueIdentifier>{ef7f8eb5-591f-4038-977e-60977738835c}</UniqueIdentifier>
    </Filter>
    <Filter Include="ヘッダー ファイル\System">
      <UniqueIdentifier>{7a4c33d3-ec5b-4208-b725-63ed73152976}</UniqueIdentifier>
    </Filter>
    <Filter Include="ヘッダー ファイル\DX22">
      <UniqueIdentifier>{20531538-1a73-4c1c-b1dd-367567c9c0fc}</UniqueIdentifier>
    </Filter>
    <Filter Include="ソース ファイル\DX22">
      <UniqueIdentifier>{01802416-f700-4808-89e1-0764a8308379}</UniqueIdentifier>
    </Filter>
    <Filter Include="ソース ファイル\DX22\Scene">
      <UniqueIdentifier>{d0ce2c0a-2876-47bb-bebc-1ef78f98826e}</UniqueIdentifier>
    </Filter>
    <Filter Include="ソース ファイル\DX22\Camera">
      <UniqueIdentifier>{d47050ad-e456-43ff-94af-0bec0241b0bb}</UniqueIdentifier>
    </Filter>
    <Filter Include="ソース ファイル\DX22\3DObject">
      <UniqueIdentifier>{dc6c40ae-0abf-43a8-9290-9248df65907d}</UniqueIdentifier>
    </Filter>
    <Filter Include="ソース ファイル\DX22\2DObject">
      <UniqueIdentifier>{7b30d2b5-2efc-4621-8c20-86649e54cf3a}</UniqueIdentifier>
    </Filter>
    <Filter Include="ヘッダー ファイル\DX22\Camera">
      <UniqueIdentifier>{c2a38201-eef3-422e-a648-fc38f8967dab}</UniqueIdentifier>
    </Filter>
    <Filter Include="ヘッダー ファイル\DX22\3DObject">
      <UniqueIdentifier>{ff4d9975-912b-4383-8c3d-e5fa9162dcb2}</UniqueIdentifier>
    </Filter>
    <Filter Include="ヘッダー ファイル\DX22\2DObject">
      <UniqueIdentifier>{4a4681b7-f57b-4eba-8114-cd690404c904}</UniqueIdentifier>
    </Filter>
    <Filter Include="ヘッダー ファイル\DX22\Scene">
      <UniqueIdentifier>{9f817729-e8a5-4416-821f-318895809328}</UniqueIdentifier>
    </Filter>
    <Filter Include="ヘッダー ファイル\DX22\Layer">
      <UniqueIdentifier>{99c33a7a-1420-484d-bbd0-4d2a3831fe31}</UniqueIdentifier>
    </Filter>
    <Filter Include="ソース ファイル\DX22\Layer">
      <UniqueIdentifier>{fbae70d7-2794-4f12-9068-078fb7049a86}</UniqueIdentifier>
    </Filter>
  </ItemGroup>
  <ItemGroup>
    <ClCompile Include="Startup.cpp">
      <Filter>ソース ファイル</Filter>
    </ClCompile>
    <ClCompile Include="Main.cpp">
      <Filter>ソース ファイル</Filter>
    </ClCompile>
    <ClCompile Include="BlendState.cpp">
      <Filter>ソース ファイル\DirectX</Filter>
    </ClCompile>
    <ClCompile Include="DirectX.cpp">
      <Filter>ソース ファイル\DirectX</Filter>
    </ClCompile>
    <ClCompile Include="SamplerState.cpp">
      <Filter>ソース ファイル\DirectX</Filter>
    </ClCompile>
    <ClCompile Include="DirectXTex\Texture.cpp">
      <Filter>ソース ファイル\DirectX</Filter>
    </ClCompile>
    <ClCompile Include="WinUtil.cpp">
      <Filter>ソース ファイル\System</Filter>
    </ClCompile>
    <ClCompile Include="Timer.cpp">
      <Filter>ソース ファイル\System</Filter>
    </ClCompile>
    <ClCompile Include="Input.cpp">
      <Filter>ソース ファイル\System</Filter>
    </ClCompile>
    <ClCompile Include="Game3D.cpp">
      <Filter>ソース ファイル\DX22</Filter>
    </ClCompile>
    <ClCompile Include="MeshBuffer.cpp">
      <Filter>ソース ファイル\DirectX</Filter>
    </ClCompile>
    <ClCompile Include="Shader.cpp">
      <Filter>ソース ファイル\DirectX</Filter>
    </ClCompile>
    <ClCompile Include="ConstantBuffer.cpp">
      <Filter>ソース ファイル\DirectX</Filter>
    </ClCompile>
    <ClCompile Include="Sprite.cpp">
      <Filter>ソース ファイル\System</Filter>
    </ClCompile>
    <ClCompile Include="controller.cpp">
      <Filter>ソース ファイル\System</Filter>
    </ClCompile>
    <ClCompile Include="SceneBace.cpp">
      <Filter>ソース ファイル\DX22\Scene</Filter>
    </ClCompile>
    <ClCompile Include="SceneGame.cpp">
      <Filter>ソース ファイル\DX22\Scene</Filter>
    </ClCompile>
    <ClCompile Include="Layer.cpp">
      <Filter>ソース ファイル\DX22\Layer</Filter>
    </ClCompile>
    <ClCompile Include="LayerBG.cpp">
      <Filter>ソース ファイル\DX22\Layer</Filter>
    </ClCompile>
    <ClCompile Include="LayerGame.cpp">
      <Filter>ソース ファイル\DX22\Layer</Filter>
    </ClCompile>
    <ClCompile Include="CameraEvent.cpp">
      <Filter>ソース ファイル\DX22\Camera</Filter>
    </ClCompile>
    <ClCompile Include="CameraPlayer.cpp">
      <Filter>ソース ファイル\DX22\Camera</Filter>
    </ClCompile>
    <ClCompile Include="ChasingShadow.cpp">
      <Filter>ソース ファイル\DX22\3DObject</Filter>
    </ClCompile>
    <ClCompile Include="Goal.cpp">
      <Filter>ソース ファイル\DX22\3DObject</Filter>
    </ClCompile>
    <ClCompile Include="Lig.cpp">
      <Filter>ソース ファイル\DX22\3DObject</Filter>
    </ClCompile>
    <ClCompile Include="Light.cpp">
      <Filter>ソース ファイル\DX22\3DObject</Filter>
    </ClCompile>
    <ClCompile Include="Model.cpp">
      <Filter>ソース ファイル\DX22\3DObject</Filter>
    </ClCompile>
    <ClCompile Include="Model_Contents.cpp">
      <Filter>ソース ファイル\DX22\3DObject</Filter>
    </ClCompile>
    <ClCompile Include="ModelList.cpp">
      <Filter>ソース ファイル\DX22\3DObject</Filter>
    </ClCompile>
    <ClCompile Include="Object.cpp">
      <Filter>ソース ファイル\DX22\3DObject</Filter>
    </ClCompile>
    <ClCompile Include="Obstacle.cpp">
      <Filter>ソース ファイル\DX22\3DObject</Filter>
    </ClCompile>
    <ClCompile Include="Player.cpp">
      <Filter>ソース ファイル\DX22\3DObject</Filter>
    </ClCompile>
    <ClCompile Include="ReverseBlock.cpp">
      <Filter>ソース ファイル\DX22\3DObject</Filter>
    </ClCompile>
    <ClCompile Include="ShadowBlock.cpp">
      <Filter>ソース ファイル\DX22\3DObject</Filter>
    </ClCompile>
    <ClCompile Include="Stage.cpp">
      <Filter>ソース ファイル\DX22\3DObject</Filter>
    </ClCompile>
    <ClCompile Include="StartObj.cpp">
      <Filter>ソース ファイル\DX22\3DObject</Filter>
    </ClCompile>
    <ClCompile Include="BG.cpp">
      <Filter>ソース ファイル\DX22\2DObject</Filter>
    </ClCompile>
    <ClCompile Include="Billboard.cpp">
      <Filter>ソース ファイル\DX22\2DObject</Filter>
    </ClCompile>
    <ClCompile Include="ShadowBillBoard.cpp">
      <Filter>ソース ファイル\DX22\2DObject</Filter>
    </ClCompile>
    <ClCompile Include="Geometory.cpp">
      <Filter>ソース ファイル\DX22\3DObject</Filter>
    </ClCompile>
    <ClCompile Include="Collision.cpp">
      <Filter>ソース ファイル\System</Filter>
    </ClCompile>
    <ClCompile Include="EnemyBase.cpp">
      <Filter>ソース ファイル\DX22\3DObject</Filter>
    </ClCompile>
    <ClCompile Include="EnemyDefault.cpp">
      <Filter>ソース ファイル\DX22\3DObject</Filter>
    </ClCompile>
    <ClCompile Include="EnemyRoundTrip.cpp">
      <Filter>ソース ファイル\DX22\3DObject</Filter>
    </ClCompile>
    <ClCompile Include="Effect.cpp">
      <Filter>ソース ファイル\System</Filter>
    </ClCompile>
    <ClCompile Include="SceneTitle.cpp">
      <Filter>ソース ファイル\DX22\Scene</Filter>
    </ClCompile>
    <ClCompile Include="SceneClear.cpp">
      <Filter>ソース ファイル\DX22\Scene</Filter>
    </ClCompile>
    <ClCompile Include="SceneResult.cpp">
      <Filter>ソース ファイル\DX22\Scene</Filter>
    </ClCompile>
    <ClCompile Include="AnimationBillboard.cpp">
      <Filter>ソース ファイル\System</Filter>
    </ClCompile>
    <ClCompile Include="ClearBillboard.cpp">
      <Filter>ソース ファイル\DX22\2DObject</Filter>
    </ClCompile>
    <ClCompile Include="ResultBillboard.cpp">
      <Filter>ソース ファイル\DX22\2DObject</Filter>
    </ClCompile>
    <ClCompile Include="Fade.cpp">
      <Filter>ソース ファイル\System</Filter>
    </ClCompile>
    <ClCompile Include="SceneStageSelect.cpp">
      <Filter>ソース ファイル\DX22\Scene</Filter>
    </ClCompile>
    <ClCompile Include="LayerResult.cpp">
      <Filter>ソース ファイル\DX22\Layer</Filter>
    </ClCompile>
  </ItemGroup>
  <ItemGroup>
    <ClInclude Include="Main.h">
      <Filter>ヘッダー ファイル</Filter>
    </ClInclude>
    <ClInclude Include="WinUtil.h">
      <Filter>ヘッダー ファイル\System</Filter>
    </ClInclude>
    <ClInclude Include="Timer.h">
      <Filter>ヘッダー ファイル\System</Filter>
    </ClInclude>
    <ClInclude Include="Input.h">
      <Filter>ヘッダー ファイル\System</Filter>
    </ClInclude>
    <ClInclude Include="Game3D.h">
      <Filter>ヘッダー ファイル\DX22</Filter>
    </ClInclude>
    <ClInclude Include="DirectXTex\Texture.h">
      <Filter>ヘッダー ファイル\DirectX</Filter>
    </ClInclude>
    <ClInclude Include="BlendState.h">
      <Filter>ヘッダー ファイル\DirectX</Filter>
    </ClInclude>
    <ClInclude Include="DirectX.h">
      <Filter>ヘッダー ファイル\DirectX</Filter>
    </ClInclude>
    <ClInclude Include="SamplerState.h">
      <Filter>ヘッダー ファイル\DirectX</Filter>
    </ClInclude>
    <ClInclude Include="MeshBuffer.h">
      <Filter>ヘッダー ファイル\DirectX</Filter>
    </ClInclude>
    <ClInclude Include="Shader.h">
      <Filter>ヘッダー ファイル\DirectX</Filter>
    </ClInclude>
    <ClInclude Include="ConstantBuffer.h">
      <Filter>ヘッダー ファイル\DirectX</Filter>
    </ClInclude>
    <ClInclude Include="Sprite.h">
      <Filter>ヘッダー ファイル\System</Filter>
    </ClInclude>
    <ClInclude Include="controller.h">
      <Filter>ヘッダー ファイル\System</Filter>
    </ClInclude>
    <ClInclude Include="Collision.h">
      <Filter>ヘッダー ファイル\System</Filter>
    </ClInclude>
    <ClInclude Include="BG.h">
      <Filter>ヘッダー ファイル\DX22\2DObject</Filter>
    </ClInclude>
    <ClInclude Include="Billboard.h">
      <Filter>ヘッダー ファイル\DX22\2DObject</Filter>
    </ClInclude>
    <ClInclude Include="BobbingEnemy.h">
      <Filter>ヘッダー ファイル\DX22\3DObject</Filter>
    </ClInclude>
    <ClInclude Include="CameraBase.h">
      <Filter>ヘッダー ファイル\DX22\Camera</Filter>
    </ClInclude>
    <ClInclude Include="CameraDebug.h">
      <Filter>ヘッダー ファイル\DX22\Camera</Filter>
    </ClInclude>
    <ClInclude Include="CameraDelay.h">
      <Filter>ヘッダー ファイル\DX22\Camera</Filter>
    </ClInclude>
    <ClInclude Include="CameraEvent.h">
      <Filter>ヘッダー ファイル\DX22\Camera</Filter>
    </ClInclude>
    <ClInclude Include="CameraMain.h">
      <Filter>ヘッダー ファイル\DX22\Camera</Filter>
    </ClInclude>
    <ClInclude Include="CameraPlayer.h">
      <Filter>ヘッダー ファイル\DX22\Camera</Filter>
    </ClInclude>
    <ClInclude Include="ChasingShadow.h">
      <Filter>ヘッダー ファイル\DX22\3DObject</Filter>
    </ClInclude>
    <ClInclude Include="Enemy.h">
      <Filter>ヘッダー ファイル\DX22\3DObject</Filter>
    </ClInclude>
    <ClInclude Include="Geometory.h">
      <Filter>ヘッダー ファイル\DX22\3DObject</Filter>
    </ClInclude>
    <ClInclude Include="Goal.h">
      <Filter>ヘッダー ファイル\DX22\3DObject</Filter>
    </ClInclude>
    <ClInclude Include="Layer.h">
      <Filter>ヘッダー ファイル\DX22\Layer</Filter>
    </ClInclude>
    <ClInclude Include="LayerBG.h">
      <Filter>ヘッダー ファイル\DX22\Layer</Filter>
    </ClInclude>
    <ClInclude Include="LayerGame.h">
      <Filter>ヘッダー ファイル\DX22\Layer</Filter>
    </ClInclude>
    <ClInclude Include="Lig.h">
      <Filter>ヘッダー ファイル\DX22\3DObject</Filter>
    </ClInclude>
    <ClInclude Include="Light.h">
      <Filter>ヘッダー ファイル\DX22\3DObject</Filter>
    </ClInclude>
    <ClInclude Include="Model.h">
      <Filter>ヘッダー ファイル\DX22\3DObject</Filter>
    </ClInclude>
    <ClInclude Include="ModelList.h">
      <Filter>ヘッダー ファイル\DX22\3DObject</Filter>
    </ClInclude>
    <ClInclude Include="Object.h">
      <Filter>ヘッダー ファイル\DX22\3DObject</Filter>
    </ClInclude>
    <ClInclude Include="Obstacle.h">
      <Filter>ヘッダー ファイル\DX22\3DObject</Filter>
    </ClInclude>
    <ClInclude Include="Player.h">
      <Filter>ヘッダー ファイル\DX22\3DObject</Filter>
    </ClInclude>
    <ClInclude Include="ReverseBlock.h">
      <Filter>ヘッダー ファイル\DX22\3DObject</Filter>
    </ClInclude>
    <ClInclude Include="SceneBace.h">
      <Filter>ヘッダー ファイル\DX22\Scene</Filter>
    </ClInclude>
    <ClInclude Include="SceneGame.h">
      <Filter>ヘッダー ファイル\DX22\Scene</Filter>
    </ClInclude>
    <ClInclude Include="ShadowBillBoard.h">
      <Filter>ヘッダー ファイル\DX22\2DObject</Filter>
    </ClInclude>
    <ClInclude Include="ShadowBlock.h">
      <Filter>ヘッダー ファイル\DX22\3DObject</Filter>
    </ClInclude>
    <ClInclude Include="Stage.h">
      <Filter>ヘッダー ファイル\DX22\3DObject</Filter>
    </ClInclude>
    <ClInclude Include="StartObj.h">
      <Filter>ヘッダー ファイル\DX22\3DObject</Filter>
    </ClInclude>
    <ClInclude Include="Quadtree.h">
      <Filter>ヘッダー ファイル\System</Filter>
    </ClInclude>
    <ClInclude Include="Def.h">
      <Filter>ヘッダー ファイル\System</Filter>
    </ClInclude>
    <ClInclude Include="EnemyBase.h">
      <Filter>ヘッダー ファイル\DX22\3DObject</Filter>
    </ClInclude>
    <ClInclude Include="EnemyRoundTrip.h">
      <Filter>ヘッダー ファイル\DX22\3DObject</Filter>
    </ClInclude>
    <ClInclude Include="EnemyDefault.h">
      <Filter>ヘッダー ファイル\DX22\3DObject</Filter>
    </ClInclude>
    <ClInclude Include="Effect.h">
      <Filter>ヘッダー ファイル\System</Filter>
    </ClInclude>
    <ClInclude Include="SceneTitle.h">
      <Filter>ヘッダー ファイル\DX22\Scene</Filter>
    </ClInclude>
    <ClInclude Include="SceneResult.h">
      <Filter>ヘッダー ファイル\DX22\Scene</Filter>
    </ClInclude>
    <ClInclude Include="SceneClear.h">
      <Filter>ヘッダー ファイル\DX22\Scene</Filter>
    </ClInclude>
    <ClInclude Include="AnimationBillboard.h">
      <Filter>ヘッダー ファイル\System</Filter>
    </ClInclude>
    <ClInclude Include="ClearBillboard.h">
      <Filter>ヘッダー ファイル\DX22\2DObject</Filter>
    </ClInclude>
    <ClInclude Include="ResultBillboard.h">
      <Filter>ヘッダー ファイル\DX22\2DObject</Filter>
    </ClInclude>
    <ClInclude Include="Fade.h">
      <Filter>ヘッダー ファイル\System</Filter>
    </ClInclude>
    <ClInclude Include="SceneStageSelect.h">
      <Filter>ヘッダー ファイル\DX22\Scene</Filter>
    </ClInclude>
    <ClInclude Include="LayerResult.h">
      <Filter>ヘッダー ファイル\DX22\Layer</Filter>
    </ClInclude>
  </ItemGroup>
  <ItemGroup>
    <FxCompile Include="ModelVS.hlsl">
      <Filter>リソース ファイル</Filter>
    </FxCompile>
    <FxCompile Include="ModelPS.hlsl">
      <Filter>リソース ファイル</Filter>
    </FxCompile>
    <FxCompile Include="FadePS.hlsl">
      <Filter>リソース ファイル</Filter>
    </FxCompile>
  </ItemGroup>
</Project>